{
  "name": "harver-js-test",
  "version": "1.0.0",
  "lockfileVersion": 1,
  "requires": true,
  "dependencies": {
    "fs": {
      "version": "0.0.1-security",
      "resolved": "https://registry.npmjs.org/fs/-/fs-0.0.1-security.tgz",
      "integrity": "sha1-invTcYa23d84E/I4WLV+yq9eQdQ="
    },
    "performance-now": {
      "version": "2.1.0",
      "resolved": "https://registry.npmjs.org/performance-now/-/performance-now-2.1.0.tgz",
      "integrity": "sha1-Ywn04OX6kT7BxpMHrjZLSzd8nns="
    },
    "random-words": {
      "version": "1.1.0",
      "resolved": "https://registry.npmjs.org/random-words/-/random-words-1.1.0.tgz",
      "integrity": "sha512-GyV8PlSmQE08S/RSCjG9Uh0uQaUC7iRpA18PWk9OSnvNCzKQ+B2NxqqN/cYBej4t7dfBWxh10KFBYSiNcg1jlg=="
    },
    "word-maker": {
      "version": "file:word-maker"
    }
  }
}
